
Microsoft Visual Studio Solution File, Format Version 12.00
# Visual Studio Version 17
VisualStudioVersion = 17.10.35013.160
MinimumVisualStudioVersion = 10.0.40219.1
Project("{FAE04EC0-301F-11D3-BF4B-00C04F79EFBC}") = "WebApp", "WebApp\WebApp.csproj", "{F28B4512-7843-4B32-B34C-55BA17F4D524}"
EndProject
Project("{FAE04EC0-301F-11D3-BF4B-00C04F79EFBC}") = "WebMinimalAPI", "WebMinimalAPI\WebMinimalAPI.csproj", "{43B8D1F1-17A4-4DBA-B070-6B81C18D3688}"
EndProject
Project("{FAE04EC0-301F-11D3-BF4B-00C04F79EFBC}") = "WebApi", "WebApi\WebApi.csproj", "{9999C9E1-C01E-4E8F-8872-EE6B65776193}"
EndProject
Project("{FAE04EC0-301F-11D3-BF4B-00C04F79EFBC}") = "WebApiAot", "WebApiAot\WebApiAot.csproj", "{40715ED3-1C29-4B89-A548-0ACC6B18A70F}"
EndProject
Project("{FAE04EC0-301F-11D3-BF4B-00C04F79EFBC}") = "Models", "Models\Models.csproj", "{E905243C-8397-4ECA-953B-A8CE780BD92A}"
EndProject
Global
	GlobalSection(SolutionConfigurationPlatforms) = preSolution
		Debug|Any CPU = Debug|Any CPU
		Release|Any CPU = Release|Any CPU
	EndGlobalSection
	GlobalSection(ProjectConfigurationPlatforms) = postSolution
		{F28B4512-7843-4B32-B34C-55BA17F4D524}.Debug|Any CPU.ActiveCfg = Debug|Any CPU
		{F28B4512-7843-4B32-B34C-55BA17F4D524}.Debug|Any CPU.Build.0 = Debug|Any CPU
		{F28B4512-7843-4B32-B34C-55BA17F4D524}.Release|Any CPU.ActiveCfg = Release|Any CPU
		{F28B4512-7843-4B32-B34C-55BA17F4D524}.Release|Any CPU.Build.0 = Release|Any CPU
		{43B8D1F1-17A4-4DBA-B070-6B81C18D3688}.Debug|Any CPU.ActiveCfg = Debug|Any CPU
		{43B8D1F1-17A4-4DBA-B070-6B81C18D3688}.Debug|Any CPU.Build.0 = Debug|Any CPU
		{43B8D1F1-17A4-4DBA-B070-6B81C18D3688}.Release|Any CPU.ActiveCfg = Release|Any CPU
		{43B8D1F1-17A4-4DBA-B070-6B81C18D3688}.Release|Any CPU.Build.0 = Release|Any CPU
		{9999C9E1-C01E-4E8F-8872-EE6B65776193}.Debug|Any CPU.ActiveCfg = Debug|Any CPU
		{9999C9E1-C01E-4E8F-8872-EE6B65776193}.Debug|Any CPU.Build.0 = Debug|Any CPU
		{9999C9E1-C01E-4E8F-8872-EE6B65776193}.Release|Any CPU.ActiveCfg = Release|Any CPU
		{9999C9E1-C01E-4E8F-8872-EE6B65776193}.Release|Any CPU.Build.0 = Release|Any CPU
		{40715ED3-1C29-4B89-A548-0ACC6B18A70F}.Debug|Any CPU.ActiveCfg = Debug|Any CPU
		{40715ED3-1C29-4B89-A548-0ACC6B18A70F}.Debug|Any CPU.Build.0 = Debug|Any CPU
		{40715ED3-1C29-4B89-A548-0ACC6B18A70F}.Release|Any CPU.ActiveCfg = Release|Any CPU
		{40715ED3-1C29-4B89-A548-0ACC6B18A70F}.Release|Any CPU.Build.0 = Release|Any CPU
		{E905243C-8397-4ECA-953B-A8CE780BD92A}.Debug|Any CPU.ActiveCfg = Debug|Any CPU
		{E905243C-8397-4ECA-953B-A8CE780BD92A}.Debug|Any CPU.Build.0 = Debug|Any CPU
		{E905243C-8397-4ECA-953B-A8CE780BD92A}.Release|Any CPU.ActiveCfg = Release|Any CPU
		{E905243C-8397-4ECA-953B-A8CE780BD92A}.Release|Any CPU.Build.0 = Release|Any CPU
	EndGlobalSection
	GlobalSection(SolutionProperties) = preSolution
		HideSolutionNode = FALSE
	EndGlobalSection
	GlobalSection(ExtensibilityGlobals) = postSolution
		SolutionGuid = {E30CF744-B547-4353-8A69-50F3C496911C}
	EndGlobalSection
EndGlobal
